# This is a Gradle generated file for dependency locking.
# Manual edits can break the build and are not advised.
# This file is expected to be part of source control.
com.cloudbees:diff4j:1.1=compileClasspath,shade
com.github.abrarsyed.jastyle:jAstyle:1.3=compileClasspath,shade
com.github.jponge:lzma-java:1.3=compileClasspath,shade
com.github.tony19:named-regexp:0.2.3=compileClasspath,shade
com.google.code.findbugs:jsr305:3.0.2=compileClasspath,shade
com.google.code.gson:gson:2.2.4=compileClasspath,shade
com.google.errorprone:error_prone_annotations:2.1.3=compileClasspath,shade
com.google.guava:guava:18.0=testCompileClasspath
com.google.guava:guava:26.0-jre=compileClasspath,shade
com.google.j2objc:j2objc-annotations:1.1=compileClasspath,shade
com.mojang:authlib:1.5.16=compileClasspath,shade
com.nothome:javaxdelta:2.0.1=compileClasspath,shade
commons-codec:commons-codec:1.9=compileClasspath,shade
commons-io:commons-io:2.4=compileClasspath,shade
commons-lang:commons-lang:2.4=compileClasspath,shade
commons-logging:commons-logging:1.1.3=compileClasspath,shade
de.oceanlabs.mcp:RetroGuard:3.6.6=compileClasspath,shade
de.oceanlabs.mcp:mcinjector:3.4-SNAPSHOT=compileClasspath,shade
de.siegmar:fastcsv:1.0.2=compileClasspath,shade
junit:junit:4.12=testCompileClasspath,testRuntimeClasspath
net.java.jinput:jinput-platform:2.0.5=shade
net.java.jinput:jinput:2.0.5=compileClasspath,shade
net.java.jutils:jutils:1.0.0=compileClasspath,shade
net.md-5:SpecialSource:1.8.2=compileClasspath,shade
net.minecraft:launchwrapper:1.11=compileClasspath,shade
net.minecraftforge:Srg2Source:5.0.13=compileClasspath,shade
net.minecraftforge:forgeflower:1.0.342-SNAPSHOT=compileClasspath,shade,testCompileClasspath
net.sf.jopt-simple:jopt-simple:5.0.4=compileClasspath,shade
net.sf.opencsv:opencsv:2.3=compileClasspath,shade
net.sf.trove4j:trove4j:2.1.0=compileClasspath,shade
org.apache.commons:commons-lang3:3.3.2=compileClasspath,shade
org.apache.httpcomponents:httpclient:4.3.3=compileClasspath,shade
org.apache.httpcomponents:httpcore:4.3.2=compileClasspath,shade
org.apache.httpcomponents:httpmime:4.3.3=compileClasspath,shade
org.apache.logging.log4j:log4j-api:2.0-beta9=compileClasspath,shade
org.apache.logging.log4j:log4j-core:2.0-beta9=compileClasspath,shade
org.checkerframework:checker-qual:2.5.2=compileClasspath,shade
org.codehaus.mojo:animal-sniffer-annotations:1.14=compileClasspath,shade
org.eclipse.jdt:org.eclipse.jdt.core:3.14.0=compileClasspath,shade
org.eclipse.platform:org.eclipse.core.commands:3.12.200=compileClasspath,shade
org.eclipse.platform:org.eclipse.core.contenttype:3.7.100=compileClasspath,shade
org.eclipse.platform:org.eclipse.core.expressions:3.6.300=compileClasspath,shade
org.eclipse.platform:org.eclipse.core.filesystem:1.7.0=compileClasspath,shade
org.eclipse.platform:org.eclipse.core.jobs:3.8.0=compileClasspath,shade
org.eclipse.platform:org.eclipse.core.resources:3.12.0=compileClasspath,shade
org.eclipse.platform:org.eclipse.core.runtime:3.12.0=compileClasspath,shade
org.eclipse.platform:org.eclipse.equinox.app:1.3.600=compileClasspath,shade
org.eclipse.platform:org.eclipse.equinox.common:3.12.0=compileClasspath,shade
org.eclipse.platform:org.eclipse.equinox.preferences:3.7.300=compileClasspath,shade
org.eclipse.platform:org.eclipse.equinox.registry:3.12.200=compileClasspath,shade
org.eclipse.platform:org.eclipse.osgi:3.12.0=compileClasspath,shade
org.eclipse.platform:org.eclipse.text:3.6.300=compileClasspath,shade
org.hamcrest:hamcrest-core:1.3=testCompileClasspath,testRuntimeClasspath
org.jetbrains.kotlin:kotlin-android-extensions:1.1.3-2=compileClasspath,shade
org.jetbrains.kotlin:kotlin-annotation-processing:1.1.3-2=compileClasspath,shade
org.jetbrains.kotlin:kotlin-compiler-embeddable:1.1.3-2=compileClasspath,shade
org.jetbrains.kotlin:kotlin-compiler-runner:1.1.3-2=compileClasspath,shade
org.jetbrains.kotlin:kotlin-gradle-plugin-api:1.1.3-2=compileClasspath,shade
org.jetbrains.kotlin:kotlin-gradle-plugin:1.1.3-2=compileClasspath,shade
org.jetbrains.kotlin:kotlin-stdlib:1.1.3-2=compileClasspath,shade
org.jetbrains:annotations:13.0=compileClasspath,shade
org.jvnet.localizer:localizer:1.12=compileClasspath,shade
org.lwjgl.lwjgl:lwjgl-platform:2.9.1=compileClasspath,shade
org.lwjgl.lwjgl:lwjgl:2.9.1=compileClasspath,shade
org.ow2.asm:asm-commons:6.0=compileClasspath,shade
org.ow2.asm:asm-tree:6.0=compileClasspath,shade
org.ow2.asm:asm:6.0=compileClasspath,shade
org.projectlombok:lombok:1.16.16=annotationProcessor,compileClasspath
trove:trove:1.0.2=compileClasspath,shade
empty=deployerJars,runtimeClasspath,testAnnotationProcessor
